GEM
  remote: https://rubygems.org/
  specs:
    cgi (0.5.1)
    rack (3.2.5)

PLATFORMS
  ruby
  x86_64-linux

DEPENDENCIES
  cgi
  rack

CHECKSUMS
  cgi (0.5.1) sha256=e93fcafc69b8a934fe1e6146121fa35430efa8b4a4047c4893764067036f18e9
  rack (3.2.5) sha256=4cbd0974c0b79f7a139b4812004a62e4c60b145cba76422e288ee670601ed6d3

BUNDLED WITH
  4.0.3
