GEM
  remote: https://rubygems.org/
  specs:
    cgi (0.5.0)
    rack (3.2.3)

PLATFORMS
  ruby
  x86_64-linux

DEPENDENCIES
  cgi
  rack

CHECKSUMS
  bundler (4.0.12) sha256=7f8b757d28dfb636e7b24fba2344ac6dd13b5b24f4b46d62573d483f211825ac
  cgi (0.5.0) sha256=fe99f65bb2c146e294372ebb27602adbc3b4c008e9ea7038c6bd48c1ec9759da
  rack (3.2.3) sha256=239a373da6584574f25f042d8ed4ba21e691c9799f1d2b5c8920bbbc23ca3d41

BUNDLED WITH
  4.0.12
