GEM
  remote: https://rubygems.org/
  specs:
    tinygql (0.3.1)

PLATFORMS
  ruby
  x86_64-linux

DEPENDENCIES
  tinygql

CHECKSUMS
  bundler (4.0.12) sha256=7f8b757d28dfb636e7b24fba2344ac6dd13b5b24f4b46d62573d483f211825ac
  tinygql (0.3.1) sha256=b9323feecaf6a12e3bc480f4bb501c4a84ea7b9f54de0e5abfc2c08c50ee755c

BUNDLED WITH
  4.0.12
